// !$*UTF8*$!
{
	archiveVersion = 1;
	classes = {
	};
	objectVersion = 56;
	objects = {

/* Begin PBXBuildFile section */
		E0FC06E12C650EA200C8057F /* AppDelegate.swift in Sources */ = {isa = PBXBuildFile; fileRef = E0FC06E02C650EA200C8057F /* AppDelegate.swift */; };
		E0FC06E32C650EA200C8057F /* SceneDelegate.swift in Sources */ = {isa = PBXBuildFile; fileRef = E0FC06E22C650EA200C8057F /* SceneDelegate.swift */; };
		E0FC06EA2C650EA300C8057F /* Assets.xcassets in Resources */ = {isa = PBXBuildFile; fileRef = E0FC06E92C650EA300C8057F /* Assets.xcassets */; };
		E0FC06ED2C650EA300C8057F /* Base in Resources */ = {isa = PBXBuildFile; fileRef = E0FC06EC2C650EA300C8057F /* Base */; };
		E0FC06F52C650ED000C8057F /* .gitignore in Resources */ = {isa = PBXBuildFile; fileRef = E0FC06F42C650ED000C8057F /* .gitignore */; };
		E0FC06F92C650F9100C8057F /* SearchResult.swift in Sources */ = {isa = PBXBuildFile; fileRef = E0FC06F82C650F9100C8057F /* SearchResult.swift */; };
		E0FC06FC2C6511B600C8057F /* BaseViewController.swift in Sources */ = {isa = PBXBuildFile; fileRef = E0FC06FB2C6511B600C8057F /* BaseViewController.swift */; };
		E0FC06FF2C6511D400C8057F /* RxCocoa in Frameworks */ = {isa = PBXBuildFile; productRef = E0FC06FE2C6511D400C8057F /* RxCocoa */; };
		E0FC07012C6511D400C8057F /* RxSwift in Frameworks */ = {isa = PBXBuildFile; productRef = E0FC07002C6511D400C8057F /* RxSwift */; };
		E0FC07042C6511E100C8057F /* SnapKit in Frameworks */ = {isa = PBXBuildFile; productRef = E0FC07032C6511E100C8057F /* SnapKit */; };
		E0FC07062C65121B00C8057F /* BaseTableViewCell.swift in Sources */ = {isa = PBXBuildFile; fileRef = E0FC07052C65121B00C8057F /* BaseTableViewCell.swift */; };
		E0FC07082C65129200C8057F /* ReusableIdentifier.swift in Sources */ = {isa = PBXBuildFile; fileRef = E0FC07072C65129200C8057F /* ReusableIdentifier.swift */; };
		E0FC070C2C65134000C8057F /* SearchViewController.swift in Sources */ = {isa = PBXBuildFile; fileRef = E0FC070B2C65134000C8057F /* SearchViewController.swift */; };
		E0FC070E2C65146500C8057F /* NetworkService.swift in Sources */ = {isa = PBXBuildFile; fileRef = E0FC070D2C65146500C8057F /* NetworkService.swift */; };
		E0FC07112C651E8D00C8057F /* SearchViewModel.swift in Sources */ = {isa = PBXBuildFile; fileRef = E0FC07102C651E8D00C8057F /* SearchViewModel.swift */; };
		E0FC07132C65218100C8057F /* SearchTableViewCell.swift in Sources */ = {isa = PBXBuildFile; fileRef = E0FC07122C65218100C8057F /* SearchTableViewCell.swift */; };
		E0FC07162C6523BB00C8057F /* Kingfisher in Frameworks */ = {isa = PBXBuildFile; productRef = E0FC07152C6523BB00C8057F /* Kingfisher */; };
		E0FC07192C65FE0000C8057F /* DetailViewController.swift in Sources */ = {isa = PBXBuildFile; fileRef = E0FC07182C65FE0000C8057F /* DetailViewController.swift */; };
		E0FC071B2C65FE4500C8057F /* DetailViewModel.swift in Sources */ = {isa = PBXBuildFile; fileRef = E0FC071A2C65FE4500C8057F /* DetailViewModel.swift */; };
		E0FC071D2C66504000C8057F /* ContentsImageView.swift in Sources */ = {isa = PBXBuildFile; fileRef = E0FC071C2C66504000C8057F /* ContentsImageView.swift */; };
		E0FC071F2C6650F400C8057F /* Resource.swift in Sources */ = {isa = PBXBuildFile; fileRef = E0FC071E2C6650F400C8057F /* Resource.swift */; };
		E0FC07212C66547600C8057F /* DownloadButton.swift in Sources */ = {isa = PBXBuildFile; fileRef = E0FC07202C66547600C8057F /* DownloadButton.swift */; };
		E0FC07232C66581F00C8057F /* Border.swift in Sources */ = {isa = PBXBuildFile; fileRef = E0FC07222C66581F00C8057F /* Border.swift */; };
		E0FC07252C666DC000C8057F /* ScreenshotCollectionViewCell.swift in Sources */ = {isa = PBXBuildFile; fileRef = E0FC07242C666DC000C8057F /* ScreenshotCollectionViewCell.swift */; };
		E0FC07272C666DF200C8057F /* BaseCollectionViewCell.swift in Sources */ = {isa = PBXBuildFile; fileRef = E0FC07262C666DF200C8057F /* BaseCollectionViewCell.swift */; };
/* End PBXBuildFile section */

/* Begin PBXFileReference section */
		E0FC06DD2C650EA200C8057F /* iTunesFinder.app */ = {isa = PBXFileReference; explicitFileType = wrapper.application; includeInIndex = 0; path = iTunesFinder.app; sourceTree = BUILT_PRODUCTS_DIR; };
		E0FC06E02C650EA200C8057F /* AppDelegate.swift */ = {isa = PBXFileReference; lastKnownFileType = sourcecode.swift; path = AppDelegate.swift; sourceTree = "<group>"; };
		E0FC06E22C650EA200C8057F /* SceneDelegate.swift */ = {isa = PBXFileReference; lastKnownFileType = sourcecode.swift; path = SceneDelegate.swift; sourceTree = "<group>"; };
		E0FC06E92C650EA300C8057F /* Assets.xcassets */ = {isa = PBXFileReference; lastKnownFileType = folder.assetcatalog; path = Assets.xcassets; sourceTree = "<group>"; };
		E0FC06EC2C650EA300C8057F /* Base */ = {isa = PBXFileReference; lastKnownFileType = file.storyboard; name = Base; path = Base.lproj/LaunchScreen.storyboard; sourceTree = "<group>"; };
		E0FC06EE2C650EA300C8057F /* Info.plist */ = {isa = PBXFileReference; lastKnownFileType = text.plist.xml; path = Info.plist; sourceTree = "<group>"; };
		E0FC06F42C650ED000C8057F /* .gitignore */ = {isa = PBXFileReference; lastKnownFileType = text; path = .gitignore; sourceTree = "<group>"; };
		E0FC06F82C650F9100C8057F /* SearchResult.swift */ = {isa = PBXFileReference; lastKnownFileType = sourcecode.swift; path = SearchResult.swift; sourceTree = "<group>"; };
		E0FC06FB2C6511B600C8057F /* BaseViewController.swift */ = {isa = PBXFileReference; lastKnownFileType = sourcecode.swift; path = BaseViewController.swift; sourceTree = "<group>"; };
		E0FC07052C65121B00C8057F /* BaseTableViewCell.swift */ = {isa = PBXFileReference; lastKnownFileType = sourcecode.swift; path = BaseTableViewCell.swift; sourceTree = "<group>"; };
		E0FC07072C65129200C8057F /* ReusableIdentifier.swift */ = {isa = PBXFileReference; lastKnownFileType = sourcecode.swift; path = ReusableIdentifier.swift; sourceTree = "<group>"; };
		E0FC070B2C65134000C8057F /* SearchViewController.swift */ = {isa = PBXFileReference; lastKnownFileType = sourcecode.swift; path = SearchViewController.swift; sourceTree = "<group>"; };
		E0FC070D2C65146500C8057F /* NetworkService.swift */ = {isa = PBXFileReference; lastKnownFileType = sourcecode.swift; path = NetworkService.swift; sourceTree = "<group>"; };
		E0FC07102C651E8D00C8057F /* SearchViewModel.swift */ = {isa = PBXFileReference; lastKnownFileType = sourcecode.swift; path = SearchViewModel.swift; sourceTree = "<group>"; };
		E0FC07122C65218100C8057F /* SearchTableViewCell.swift */ = {isa = PBXFileReference; lastKnownFileType = sourcecode.swift; path = SearchTableViewCell.swift; sourceTree = "<group>"; };
		E0FC07182C65FE0000C8057F /* DetailViewController.swift */ = {isa = PBXFileReference; lastKnownFileType = sourcecode.swift; path = DetailViewController.swift; sourceTree = "<group>"; };
		E0FC071A2C65FE4500C8057F /* DetailViewModel.swift */ = {isa = PBXFileReference; lastKnownFileType = sourcecode.swift; path = DetailViewModel.swift; sourceTree = "<group>"; };
		E0FC071C2C66504000C8057F /* ContentsImageView.swift */ = {isa = PBXFileReference; lastKnownFileType = sourcecode.swift; path = ContentsImageView.swift; sourceTree = "<group>"; };
		E0FC071E2C6650F400C8057F /* Resource.swift */ = {isa = PBXFileReference; lastKnownFileType = sourcecode.swift; path = Resource.swift; sourceTree = "<group>"; };
		E0FC07202C66547600C8057F /* DownloadButton.swift */ = {isa = PBXFileReference; lastKnownFileType = sourcecode.swift; path = DownloadButton.swift; sourceTree = "<group>"; };
		E0FC07222C66581F00C8057F /* Border.swift */ = {isa = PBXFileReference; lastKnownFileType = sourcecode.swift; path = Border.swift; sourceTree = "<group>"; };
		E0FC07242C666DC000C8057F /* ScreenshotCollectionViewCell.swift */ = {isa = PBXFileReference; lastKnownFileType = sourcecode.swift; path = ScreenshotCollectionViewCell.swift; sourceTree = "<group>"; };
		E0FC07262C666DF200C8057F /* BaseCollectionViewCell.swift */ = {isa = PBXFileReference; lastKnownFileType = sourcecode.swift; path = BaseCollectionViewCell.swift; sourceTree = "<group>"; };
/* End PBXFileReference section */

/* Begin PBXFrameworksBuildPhase section */
		E0FC06DA2C650EA200C8057F /* Frameworks */ = {
			isa = PBXFrameworksBuildPhase;
			buildActionMask = 2147483647;
			files = (
				E0FC07162C6523BB00C8057F /* Kingfisher in Frameworks */,
				E0FC07042C6511E100C8057F /* SnapKit in Frameworks */,
				E0FC07012C6511D400C8057F /* RxSwift in Frameworks */,
				E0FC06FF2C6511D400C8057F /* RxCocoa in Frameworks */,
			);
			runOnlyForDeploymentPostprocessing = 0;
		};
/* End PBXFrameworksBuildPhase section */

/* Begin PBXGroup section */
		E0FC06D42C650EA200C8057F = {
			isa = PBXGroup;
			children = (
				E0FC06F42C650ED000C8057F /* .gitignore */,
				E0FC06DF2C650EA200C8057F /* iTunesFinder */,
				E0FC06DE2C650EA200C8057F /* Products */,
			);
			sourceTree = "<group>";
		};
		E0FC06DE2C650EA200C8057F /* Products */ = {
			isa = PBXGroup;
			children = (
				E0FC06DD2C650EA200C8057F /* iTunesFinder.app */,
			);
			name = Products;
			sourceTree = "<group>";
		};
		E0FC06DF2C650EA200C8057F /* iTunesFinder */ = {
			isa = PBXGroup;
			children = (
				E0FC07092C65132F00C8057F /* Pages */,
				E0FC06FA2C6511A300C8057F /* Constant */,
				E0FC06F72C650F8500C8057F /* Network */,
				E0FC06E02C650EA200C8057F /* AppDelegate.swift */,
				E0FC06E22C650EA200C8057F /* SceneDelegate.swift */,
				E0FC06E92C650EA300C8057F /* Assets.xcassets */,
				E0FC06EB2C650EA300C8057F /* LaunchScreen.storyboard */,
				E0FC06EE2C650EA300C8057F /* Info.plist */,
			);
			path = iTunesFinder;
			sourceTree = "<group>";
		};
		E0FC06F72C650F8500C8057F /* Network */ = {
			isa = PBXGroup;
			children = (
				E0FC06F82C650F9100C8057F /* SearchResult.swift */,
				E0FC070D2C65146500C8057F /* NetworkService.swift */,
			);
			path = Network;
			sourceTree = "<group>";
		};
		E0FC06FA2C6511A300C8057F /* Constant */ = {
			isa = PBXGroup;
			children = (
				E0FC06FB2C6511B600C8057F /* BaseViewController.swift */,
				E0FC07052C65121B00C8057F /* BaseTableViewCell.swift */,
				E0FC07072C65129200C8057F /* ReusableIdentifier.swift */,
				E0FC071C2C66504000C8057F /* ContentsImageView.swift */,
				E0FC071E2C6650F400C8057F /* Resource.swift */,
				E0FC07202C66547600C8057F /* DownloadButton.swift */,
				E0FC07222C66581F00C8057F /* Border.swift */,
				E0FC07262C666DF200C8057F /* BaseCollectionViewCell.swift */,
			);
			path = Constant;
			sourceTree = "<group>";
		};
		E0FC07092C65132F00C8057F /* Pages */ = {
			isa = PBXGroup;
			children = (
				E0FC07172C65FDE700C8057F /* Detail */,
				E0FC070A2C65133600C8057F /* Search */,
			);
			path = Pages;
			sourceTree = "<group>";
		};
		E0FC070A2C65133600C8057F /* Search */ = {
			isa = PBXGroup;
			children = (
				E0FC070B2C65134000C8057F /* SearchViewController.swift */,
				E0FC07102C651E8D00C8057F /* SearchViewModel.swift */,
				E0FC07122C65218100C8057F /* SearchTableViewCell.swift */,
			);
			path = Search;
			sourceTree = "<group>";
		};
		E0FC07172C65FDE700C8057F /* Detail */ = {
			isa = PBXGroup;
			children = (
				E0FC07182C65FE0000C8057F /* DetailViewController.swift */,
				E0FC071A2C65FE4500C8057F /* DetailViewModel.swift */,
				E0FC07242C666DC000C8057F /* ScreenshotCollectionViewCell.swift */,
			);
			path = Detail;
			sourceTree = "<group>";
		};
/* End PBXGroup section */

/* Begin PBXNativeTarget section */
		E0FC06DC2C650EA200C8057F /* iTunesFinder */ = {
			isa = PBXNativeTarget;
			buildConfigurationList = E0FC06F12C650EA300C8057F /* Build configuration list for PBXNativeTarget "iTunesFinder" */;
			buildPhases = (
				E0FC06D92C650EA200C8057F /* Sources */,
				E0FC06DA2C650EA200C8057F /* Frameworks */,
				E0FC06DB2C650EA200C8057F /* Resources */,
			);
			buildRules = (
			);
			dependencies = (
			);
			name = iTunesFinder;
			packageProductDependencies = (
				E0FC06FE2C6511D400C8057F /* RxCocoa */,
				E0FC07002C6511D400C8057F /* RxSwift */,
				E0FC07032C6511E100C8057F /* SnapKit */,
				E0FC07152C6523BB00C8057F /* Kingfisher */,
			);
			productName = iTunesFinder;
			productReference = E0FC06DD2C650EA200C8057F /* iTunesFinder.app */;
			productType = "com.apple.product-type.application";
		};
/* End PBXNativeTarget section */

/* Begin PBXProject section */
		E0FC06D52C650EA200C8057F /* Project object */ = {
			isa = PBXProject;
			attributes = {
				BuildIndependentTargetsInParallel = 1;
				LastSwiftUpdateCheck = 1530;
				LastUpgradeCheck = 1530;
				TargetAttributes = {
					E0FC06DC2C650EA200C8057F = {
						CreatedOnToolsVersion = 15.3;
					};
				};
			};
			buildConfigurationList = E0FC06D82C650EA200C8057F /* Build configuration list for PBXProject "iTunesFinder" */;
			compatibilityVersion = "Xcode 14.0";
			developmentRegion = en;
			hasScannedForEncodings = 0;
			knownRegions = (
				en,
				Base,
			);
			mainGroup = E0FC06D42C650EA200C8057F;
			packageReferences = (
				E0FC06FD2C6511D400C8057F /* XCRemoteSwiftPackageReference "RxSwift" */,
				E0FC07022C6511E100C8057F /* XCRemoteSwiftPackageReference "SnapKit" */,
				E0FC07142C6523BB00C8057F /* XCRemoteSwiftPackageReference "Kingfisher" */,
			);
			productRefGroup = E0FC06DE2C650EA200C8057F /* Products */;
			projectDirPath = "";
			projectRoot = "";
			targets = (
				E0FC06DC2C650EA200C8057F /* iTunesFinder */,
			);
		};
/* End PBXProject section */

/* Begin PBXResourcesBuildPhase section */
		E0FC06DB2C650EA200C8057F /* Resources */ = {
			isa = PBXResourcesBuildPhase;
			buildActionMask = 2147483647;
			files = (
				E0FC06EA2C650EA300C8057F /* Assets.xcassets in Resources */,
				E0FC06F52C650ED000C8057F /* .gitignore in Resources */,
				E0FC06ED2C650EA300C8057F /* Base in Resources */,
			);
			runOnlyForDeploymentPostprocessing = 0;
		};
/* End PBXResourcesBuildPhase section */

/* Begin PBXSourcesBuildPhase section */
		E0FC06D92C650EA200C8057F /* Sources */ = {
			isa = PBXSourcesBuildPhase;
			buildActionMask = 2147483647;
			files = (
				E0FC07192C65FE0000C8057F /* DetailViewController.swift in Sources */,
				E0FC06E12C650EA200C8057F /* AppDelegate.swift in Sources */,
				E0FC070C2C65134000C8057F /* SearchViewController.swift in Sources */,
				E0FC071D2C66504000C8057F /* ContentsImageView.swift in Sources */,
				E0FC07212C66547600C8057F /* DownloadButton.swift in Sources */,
				E0FC07232C66581F00C8057F /* Border.swift in Sources */,
				E0FC070E2C65146500C8057F /* NetworkService.swift in Sources */,
				E0FC07082C65129200C8057F /* ReusableIdentifier.swift in Sources */,
				E0FC06FC2C6511B600C8057F /* BaseViewController.swift in Sources */,
				E0FC06E32C650EA200C8057F /* SceneDelegate.swift in Sources */,
				E0FC071B2C65FE4500C8057F /* DetailViewModel.swift in Sources */,
				E0FC07272C666DF200C8057F /* BaseCollectionViewCell.swift in Sources */,
				E0FC07112C651E8D00C8057F /* SearchViewModel.swift in Sources */,
				E0FC07062C65121B00C8057F /* BaseTableViewCell.swift in Sources */,
				E0FC06F92C650F9100C8057F /* SearchResult.swift in Sources */,
				E0FC07132C65218100C8057F /* SearchTableViewCell.swift in Sources */,
				E0FC071F2C6650F400C8057F /* Resource.swift in Sources */,
				E0FC07252C666DC000C8057F /* ScreenshotCollectionViewCell.swift in Sources */,
			);
			runOnlyForDeploymentPostprocessing = 0;
		};
/* End PBXSourcesBuildPhase section */

/* Begin PBXVariantGroup section */
		E0FC06EB2C650EA300C8057F /* LaunchScreen.storyboard */ = {
			isa = PBXVariantGroup;
			children = (
				E0FC06EC2C650EA300C8057F /* Base */,
			);
			name = LaunchScreen.storyboard;
			sourceTree = "<group>";
		};
/* End PBXVariantGroup section */

/* Begin XCBuildConfiguration section */
		E0FC06EF2C650EA300C8057F /* Debug */ = {
			isa = XCBuildConfiguration;
			buildSettings = {
				ALWAYS_SEARCH_USER_PATHS = NO;
				ASSETCATALOG_COMPILER_GENERATE_SWIFT_ASSET_SYMBOL_EXTENSIONS = YES;
				CLANG_ANALYZER_NONNULL = YES;
				CLANG_ANALYZER_NUMBER_OBJECT_CONVERSION = YES_AGGRESSIVE;
				CLANG_CXX_LANGUAGE_STANDARD = "gnu++20";
				CLANG_ENABLE_MODULES = YES;
				CLANG_ENABLE_OBJC_ARC = YES;
				CLANG_ENABLE_OBJC_WEAK = YES;
				CLANG_WARN_BLOCK_CAPTURE_AUTORELEASING = YES;
				CLANG_WARN_BOOL_CONVERSION = YES;
				CLANG_WARN_COMMA = YES;
				CLANG_WARN_CONSTANT_CONVERSION = YES;
				CLANG_WARN_DEPRECATED_OBJC_IMPLEMENTATIONS = YES;
				CLANG_WARN_DIRECT_OBJC_ISA_USAGE = YES_ERROR;
				CLANG_WARN_DOCUMENTATION_COMMENTS = YES;
				CLANG_WARN_EMPTY_BODY = YES;
				CLANG_WARN_ENUM_CONVERSION = YES;
				CLANG_WARN_INFINITE_RECURSION = YES;
				CLANG_WARN_INT_CONVERSION = YES;
				CLANG_WARN_NON_LITERAL_NULL_CONVERSION = YES;
				CLANG_WARN_OBJC_IMPLICIT_RETAIN_SELF = YES;
				CLANG_WARN_OBJC_LITERAL_CONVERSION = YES;
				CLANG_WARN_OBJC_ROOT_CLASS = YES_ERROR;
				CLANG_WARN_QUOTED_INCLUDE_IN_FRAMEWORK_HEADER = YES;
				CLANG_WARN_RANGE_LOOP_ANALYSIS = YES;
				CLANG_WARN_STRICT_PROTOTYPES = YES;
				CLANG_WARN_SUSPICIOUS_MOVE = YES;
				CLANG_WARN_UNGUARDED_AVAILABILITY = YES_AGGRESSIVE;
				CLANG_WARN_UNREACHABLE_CODE = YES;
				CLANG_WARN__DUPLICATE_METHOD_MATCH = YES;
				COPY_PHASE_STRIP = NO;
				DEBUG_INFORMATION_FORMAT = dwarf;
				ENABLE_STRICT_OBJC_MSGSEND = YES;
				ENABLE_TESTABILITY = YES;
				ENABLE_USER_SCRIPT_SANDBOXING = YES;
				GCC_C_LANGUAGE_STANDARD = gnu17;
				GCC_DYNAMIC_NO_PIC = NO;
				GCC_NO_COMMON_BLOCKS = YES;
				GCC_OPTIMIZATION_LEVEL = 0;
				GCC_PREPROCESSOR_DEFINITIONS = (
					"DEBUG=1",
					"$(inherited)",
				);
				GCC_WARN_64_TO_32_BIT_CONVERSION = YES;
				GCC_WARN_ABOUT_RETURN_TYPE = YES_ERROR;
				GCC_WARN_UNDECLARED_SELECTOR = YES;
				GCC_WARN_UNINITIALIZED_AUTOS = YES_AGGRESSIVE;
				GCC_WARN_UNUSED_FUNCTION = YES;
				GCC_WARN_UNUSED_VARIABLE = YES;
				IPHONEOS_DEPLOYMENT_TARGET = 17.4;
				LOCALIZATION_PREFERS_STRING_CATALOGS = YES;
				MTL_ENABLE_DEBUG_INFO = INCLUDE_SOURCE;
				MTL_FAST_MATH = YES;
				ONLY_ACTIVE_ARCH = YES;
				SDKROOT = iphoneos;
				SWIFT_ACTIVE_COMPILATION_CONDITIONS = "DEBUG $(inherited)";
				SWIFT_OPTIMIZATION_LEVEL = "-Onone";
			};
			name = Debug;
		};
		E0FC06F02C650EA300C8057F /* Release */ = {
			isa = XCBuildConfiguration;
			buildSettings = {
				ALWAYS_SEARCH_USER_PATHS = NO;
				ASSETCATALOG_COMPILER_GENERATE_SWIFT_ASSET_SYMBOL_EXTENSIONS = YES;
				CLANG_ANALYZER_NONNULL = YES;
				CLANG_ANALYZER_NUMBER_OBJECT_CONVERSION = YES_AGGRESSIVE;
				CLANG_CXX_LANGUAGE_STANDARD = "gnu++20";
				CLANG_ENABLE_MODULES = YES;
				CLANG_ENABLE_OBJC_ARC = YES;
				CLANG_ENABLE_OBJC_WEAK = YES;
				CLANG_WARN_BLOCK_CAPTURE_AUTORELEASING = YES;
				CLANG_WARN_BOOL_CONVERSION = YES;
				CLANG_WARN_COMMA = YES;
				CLANG_WARN_CONSTANT_CONVERSION = YES;
				CLANG_WARN_DEPRECATED_OBJC_IMPLEMENTATIONS = YES;
				CLANG_WARN_DIRECT_OBJC_ISA_USAGE = YES_ERROR;
				CLANG_WARN_DOCUMENTATION_COMMENTS = YES;
				CLANG_WARN_EMPTY_BODY = YES;
				CLANG_WARN_ENUM_CONVERSION = YES;
				CLANG_WARN_INFINITE_RECURSION = YES;
				CLANG_WARN_INT_CONVERSION = YES;
				CLANG_WARN_NON_LITERAL_NULL_CONVERSION = YES;
				CLANG_WARN_OBJC_IMPLICIT_RETAIN_SELF = YES;
				CLANG_WARN_OBJC_LITERAL_CONVERSION = YES;
				CLANG_WARN_OBJC_ROOT_CLASS = YES_ERROR;
				CLANG_WARN_QUOTED_INCLUDE_IN_FRAMEWORK_HEADER = YES;
				CLANG_WARN_RANGE_LOOP_ANALYSIS = YES;
				CLANG_WARN_STRICT_PROTOTYPES = YES;
				CLANG_WARN_SUSPICIOUS_MOVE = YES;
				CLANG_WARN_UNGUARDED_AVAILABILITY = YES_AGGRESSIVE;
				CLANG_WARN_UNREACHABLE_CODE = YES;
				CLANG_WARN__DUPLICATE_METHOD_MATCH = YES;
				COPY_PHASE_STRIP = NO;
				DEBUG_INFORMATION_FORMAT = "dwarf-with-dsym";
				ENABLE_NS_ASSERTIONS = NO;
				ENABLE_STRICT_OBJC_MSGSEND = YES;
				ENABLE_USER_SCRIPT_SANDBOXING = YES;
				GCC_C_LANGUAGE_STANDARD = gnu17;
				GCC_NO_COMMON_BLOCKS = YES;
				GCC_WARN_64_TO_32_BIT_CONVERSION = YES;
				GCC_WARN_ABOUT_RETURN_TYPE = YES_ERROR;
				GCC_WARN_UNDECLARED_SELECTOR = YES;
				GCC_WARN_UNINITIALIZED_AUTOS = YES_AGGRESSIVE;
				GCC_WARN_UNUSED_FUNCTION = YES;
				GCC_WARN_UNUSED_VARIABLE = YES;
				IPHONEOS_DEPLOYMENT_TARGET = 17.4;
				LOCALIZATION_PREFERS_STRING_CATALOGS = YES;
				MTL_ENABLE_DEBUG_INFO = NO;
				MTL_FAST_MATH = YES;
				SDKROOT = iphoneos;
				SWIFT_COMPILATION_MODE = wholemodule;
				VALIDATE_PRODUCT = YES;
			};
			name = Release;
		};
		E0FC06F22C650EA300C8057F /* Debug */ = {
			isa = XCBuildConfiguration;
			buildSettings = {
				ASSETCATALOG_COMPILER_APPICON_NAME = AppIcon;
				ASSETCATALOG_COMPILER_GLOBAL_ACCENT_COLOR_NAME = AccentColor;
				CODE_SIGN_STYLE = Automatic;
				CURRENT_PROJECT_VERSION = 1;
				DEVELOPMENT_TEAM = L348QC8MG7;
				GENERATE_INFOPLIST_FILE = YES;
				INFOPLIST_FILE = iTunesFinder/Info.plist;
				INFOPLIST_KEY_UIApplicationSupportsIndirectInputEvents = YES;
				INFOPLIST_KEY_UILaunchStoryboardName = LaunchScreen;
				INFOPLIST_KEY_UISupportedInterfaceOrientations = UIInterfaceOrientationPortrait;
				INFOPLIST_KEY_UISupportedInterfaceOrientations_iPad = "UIInterfaceOrientationLandscapeLeft UIInterfaceOrientationLandscapeRight UIInterfaceOrientationPortrait UIInterfaceOrientationPortraitUpsideDown";
				IPHONEOS_DEPLOYMENT_TARGET = 16.0;
				LD_RUNPATH_SEARCH_PATHS = (
					"$(inherited)",
					"@executable_path/Frameworks",
				);
				MARKETING_VERSION = 1.0;
				PRODUCT_BUNDLE_IDENTIFIER = jeongyun.iTunesFinder;
				PRODUCT_NAME = "$(TARGET_NAME)";
				SUPPORTED_PLATFORMS = "iphoneos iphonesimulator";
				SUPPORTS_MACCATALYST = NO;
				SUPPORTS_MAC_DESIGNED_FOR_IPHONE_IPAD = NO;
				SUPPORTS_XR_DESIGNED_FOR_IPHONE_IPAD = NO;
				SWIFT_EMIT_LOC_STRINGS = YES;
				SWIFT_VERSION = 5.0;
				TARGETED_DEVICE_FAMILY = 1;
			};
			name = Debug;
		};
		E0FC06F32C650EA300C8057F /* Release */ = {
			isa = XCBuildConfiguration;
			buildSettings = {
				ASSETCATALOG_COMPILER_APPICON_NAME = AppIcon;
				ASSETCATALOG_COMPILER_GLOBAL_ACCENT_COLOR_NAME = AccentColor;
				CODE_SIGN_STYLE = Automatic;
				CURRENT_PROJECT_VERSION = 1;
				DEVELOPMENT_TEAM = L348QC8MG7;
				GENERATE_INFOPLIST_FILE = YES;
				INFOPLIST_FILE = iTunesFinder/Info.plist;
				INFOPLIST_KEY_UIApplicationSupportsIndirectInputEvents = YES;
				INFOPLIST_KEY_UILaunchStoryboardName = LaunchScreen;
				INFOPLIST_KEY_UISupportedInterfaceOrientations = UIInterfaceOrientationPortrait;
				INFOPLIST_KEY_UISupportedInterfaceOrientations_iPad = "UIInterfaceOrientationLandscapeLeft UIInterfaceOrientationLandscapeRight UIInterfaceOrientationPortrait UIInterfaceOrientationPortraitUpsideDown";
				IPHONEOS_DEPLOYMENT_TARGET = 16.0;
				LD_RUNPATH_SEARCH_PATHS = (
					"$(inherited)",
					"@executable_path/Frameworks",
				);
				MARKETING_VERSION = 1.0;
				PRODUCT_BUNDLE_IDENTIFIER = jeongyun.iTunesFinder;
				PRODUCT_NAME = "$(TARGET_NAME)";
				SUPPORTED_PLATFORMS = "iphoneos iphonesimulator";
				SUPPORTS_MACCATALYST = NO;
				SUPPORTS_MAC_DESIGNED_FOR_IPHONE_IPAD = NO;
				SUPPORTS_XR_DESIGNED_FOR_IPHONE_IPAD = NO;
				SWIFT_EMIT_LOC_STRINGS = YES;
				SWIFT_VERSION = 5.0;
				TARGETED_DEVICE_FAMILY = 1;
			};
			name = Release;
		};
/* End XCBuildConfiguration section */

/* Begin XCConfigurationList section */
		E0FC06D82C650EA200C8057F /* Build configuration list for PBXProject "iTunesFinder" */ = {
			isa = XCConfigurationList;
			buildConfigurations = (
				E0FC06EF2C650EA300C8057F /* Debug */,
				E0FC06F02C650EA300C8057F /* Release */,
			);
			defaultConfigurationIsVisible = 0;
			defaultConfigurationName = Release;
		};
		E0FC06F12C650EA300C8057F /* Build configuration list for PBXNativeTarget "iTunesFinder" */ = {
			isa = XCConfigurationList;
			buildConfigurations = (
				E0FC06F22C650EA300C8057F /* Debug */,
				E0FC06F32C650EA300C8057F /* Release */,
			);
			defaultConfigurationIsVisible = 0;
			defaultConfigurationName = Release;
		};
/* End XCConfigurationList section */

/* Begin XCRemoteSwiftPackageReference section */
		E0FC06FD2C6511D400C8057F /* XCRemoteSwiftPackageReference "RxSwift" */ = {
			isa = XCRemoteSwiftPackageReference;
			repositoryURL = "https://github.com/ReactiveX/RxSwift.git";
			requirement = {
				kind = upToNextMajorVersion;
				minimumVersion = 6.7.1;
			};
		};
		E0FC07022C6511E100C8057F /* XCRemoteSwiftPackageReference "SnapKit" */ = {
			isa = XCRemoteSwiftPackageReference;
			repositoryURL = "https://github.com/SnapKit/SnapKit";
			requirement = {
				kind = upToNextMajorVersion;
				minimumVersion = 5.7.1;
			};
		};
		E0FC07142C6523BB00C8057F /* XCRemoteSwiftPackageReference "Kingfisher" */ = {
			isa = XCRemoteSwiftPackageReference;
			repositoryURL = "https://github.com/onevcat/Kingfisher.git";
			requirement = {
				kind = upToNextMajorVersion;
				minimumVersion = 7.12.0;
			};
		};
/* End XCRemoteSwiftPackageReference section */

/* Begin XCSwiftPackageProductDependency section */
		E0FC06FE2C6511D400C8057F /* RxCocoa */ = {
			isa = XCSwiftPackageProductDependency;
			package = E0FC06FD2C6511D400C8057F /* XCRemoteSwiftPackageReference "RxSwift" */;
			productName = RxCocoa;
		};
		E0FC07002C6511D400C8057F /* RxSwift */ = {
			isa = XCSwiftPackageProductDependency;
			package = E0FC06FD2C6511D400C8057F /* XCRemoteSwiftPackageReference "RxSwift" */;
			productName = RxSwift;
		};
		E0FC07032C6511E100C8057F /* SnapKit */ = {
			isa = XCSwiftPackageProductDependency;
			package = E0FC07022C6511E100C8057F /* XCRemoteSwiftPackageReference "SnapKit" */;
			productName = SnapKit;
		};
		E0FC07152C6523BB00C8057F /* Kingfisher */ = {
			isa = XCSwiftPackageProductDependency;
			package = E0FC07142C6523BB00C8057F /* XCRemoteSwiftPackageReference "Kingfisher" */;
			productName = Kingfisher;
		};
/* End XCSwiftPackageProductDependency section */
	};
	rootObject = E0FC06D52C650EA200C8057F /* Project object */;
}
